{
    "_meta": {
        "hash": {
            "sha256": "b5f5c196968a627442b746be6f26700ee0d80a5ad693d7e04f0de7dc500c5843"
        },
        "pipfile-spec": 6,
        "requires": {
            "python_version": "3.11"
        },
        "sources": [
            {
                "name": "pypi",
                "url": "https://pypi.org/simple",
                "verify_ssl": true
            }
        ]
    },
    "default": {
        "anyio": {
            "hashes": [
                "sha256:25ea0d673ae30af41a0c442f81cf3b38c7e79fdc7b60335a4c14e05eb0947421",
                "sha256:fbbe32bd270d2a2ef3ed1c5d45041250284e31fc0a4df4a5a6071842051a51e3"
            ],
            "markers": "python_full_version >= '3.6.2'",
            "version": "==3.6.2"
        },
        "atri-utils": {
            "hashes": [
                "sha256:6d581b8100d6e511fa125118d7b2426f30e9ba5b4490fb734ecdfccc5c579b63",
                "sha256:81c87dccc05f1988d8137339ee711306a6c9f74eae197d8a23d3dc5df112ba30"
            ],
            "index": "pypi",
            "version": "==0.0.67"
        },
        "attrs": {
            "hashes": [
                "sha256:29adc2665447e5191d0e7c568fde78b21f9672d344281d0c6e1ab085429b22b6",
                "sha256:86efa402f67bf2df34f51a335487cf46b1ec130d02b8d39fd248abfd30da551c"
            ],
            "markers": "python_version >= '3.5'",
            "version": "==22.1.0"
        },
        "click": {
            "hashes": [
                "sha256:7682dc8afb30297001674575ea00d1814d808d6a36af415a82bd481d37ba7b8e",
                "sha256:bb4d8133cb15a609f44e8213d9b391b0809795062913b383c62be0ee95b1db48"
            ],
            "markers": "python_version >= '3.7'",
            "version": "==8.1.3"
        },
        "colorama": {
            "hashes": [
                "sha256:08695f5cb7ed6e0531a20572697297273c47b8cae5a63ffc6d6ed5c201be6e44",
                "sha256:4f1d9991f5acc0ca119f9d443620b77f9d6b33703e51011c16baf57afb285fc6"
            ],
            "markers": "platform_system == 'Windows'",
            "version": "==0.4.6"
        },
        "fastapi": {
            "hashes": [
                "sha256:91e0bf9bc34c20a493ea18378d052b544570d27777fb6af0fb4f26c56ca25325",
                "sha256:c2216f20787382e50b71dafc777cef9128e1f33c905a9ab7daa2afb400fbbf1f"
            ],
            "index": "pypi",
            "version": "==0.84.0"
        },
        "h11": {
            "hashes": [
                "sha256:8f19fbbe99e72420ff35c00b27a34cb9937e902a8b810e2c88300c6f0a3b699d",
                "sha256:e3fe4ac4b851c468cc8363d500db52c2ead036020723024a109d37346efaa761"
            ],
            "markers": "python_version >= '3.7'",
            "version": "==0.14.0"
        },
        "idna": {
            "hashes": [
                "sha256:814f528e8dead7d329833b91c5faa87d60bf71824cd12a7530b5526063d02cb4",
                "sha256:90b77e79eaa3eba6de819a0c442c0b4ceefc341a7a2ab77d7562bf49f425c5c2"
            ],
            "markers": "python_version >= '3.5'",
            "version": "==3.4"
        },
        "iniconfig": {
            "hashes": [
                "sha256:011e24c64b7f47f6ebd835bb12a743f2fbe9a26d4cecaa7f53bc4f35ee9da8b3",
                "sha256:bc3af051d7d14b2ee5ef9969666def0cd1a000e121eaea580d4a313df4b37f32"
            ],
            "version": "==1.1.1"
        },
        "jsonpickle": {
            "hashes": [
                "sha256:7b272918b0554182e53dc340ddd62d9b7f902fec7e7b05620c04f3ccef479a0e",
                "sha256:de7f2613818aa4f234138ca11243d6359ff83ae528b2185efdd474f62bcf9ae1"
            ],
            "index": "pypi",
            "version": "==2.2.0"
        },
        "numpy": {
            "hashes": [
                "sha256:0fe563fc8ed9dc4474cbf70742673fc4391d70f4363f917599a7fa99f042d5a8",
                "sha256:12ac457b63ec8ded85d85c1e17d85efd3c2b0967ca39560b307a35a6703a4735",
                "sha256:2341f4ab6dba0834b685cce16dad5f9b6606ea8a00e6da154f5dbded70fdc4dd",
                "sha256:296d17aed51161dbad3c67ed6d164e51fcd18dbcd5dd4f9d0a9c6055dce30810",
                "sha256:488a66cb667359534bc70028d653ba1cf307bae88eab5929cd707c761ff037db",
                "sha256:4d52914c88b4930dafb6c48ba5115a96cbab40f45740239d9f4159c4ba779962",
                "sha256:5e13030f8793e9ee42f9c7d5777465a560eb78fa7e11b1c053427f2ccab90c79",
                "sha256:61be02e3bf810b60ab74e81d6d0d36246dbfb644a462458bb53b595791251911",
                "sha256:7607b598217745cc40f751da38ffd03512d33ec06f3523fb0b5f82e09f6f676d",
                "sha256:7a70a7d3ce4c0e9284e92285cba91a4a3f5214d87ee0e95928f3614a256a1488",
                "sha256:7ab46e4e7ec63c8a5e6dbf5c1b9e1c92ba23a7ebecc86c336cb7bf3bd2fb10e5",
                "sha256:8981d9b5619569899666170c7c9748920f4a5005bf79c72c07d08c8a035757b0",
                "sha256:8c053d7557a8f022ec823196d242464b6955a7e7e5015b719e76003f63f82d0f",
                "sha256:926db372bc4ac1edf81cfb6c59e2a881606b409ddc0d0920b988174b2e2a767f",
                "sha256:95d79ada05005f6f4f337d3bb9de8a7774f259341c70bc88047a1f7b96a4bcb2",
                "sha256:95de7dc7dc47a312f6feddd3da2500826defdccbc41608d0031276a24181a2c0",
                "sha256:a0882323e0ca4245eb0a3d0a74f88ce581cc33aedcfa396e415e5bba7bf05f68",
                "sha256:a8365b942f9c1a7d0f0dc974747d99dd0a0cdfc5949a33119caf05cb314682d3",
                "sha256:a8aae2fb3180940011b4862b2dd3756616841c53db9734b27bb93813cd79fce6",
                "sha256:c237129f0e732885c9a6076a537e974160482eab8f10db6292e92154d4c67d71",
                "sha256:c67b833dbccefe97cdd3f52798d430b9d3430396af7cdb2a0c32954c3ef73894",
                "sha256:ce03305dd694c4873b9429274fd41fc7eb4e0e4dea07e0af97a933b079a5814f",
                "sha256:d331afac87c92373826af83d2b2b435f57b17a5c74e6268b79355b970626e329",
                "sha256:dada341ebb79619fe00a291185bba370c9803b1e1d7051610e01ed809ef3a4ba",
                "sha256:ed2cc92af0efad20198638c69bb0fc2870a58dabfba6eb722c933b48556c686c",
                "sha256:f260da502d7441a45695199b4e7fd8ca87db659ba1c78f2bbf31f934fe76ae0e",
                "sha256:f2f390aa4da44454db40a1f0201401f9036e8d578a25f01a6e237cea238337ef",
                "sha256:f76025acc8e2114bb664294a07ede0727aa75d63a06d2fae96bf29a81747e4a7"
            ],
            "markers": "python_version >= '3.8'",
            "version": "==1.23.4"
        },
        "packaging": {
            "hashes": [
                "sha256:dd47c42927d89ab911e606518907cc2d3a1f38bbd026385970643f9c5b8ecfeb",
                "sha256:ef103e05f519cdc783ae24ea4e2e0f508a9c99b2d4969652eed6a2e1ea5bd522"
            ],
            "markers": "python_version >= '3.6'",
            "version": "==21.3"
        },
        "pandas": {
            "hashes": [
                "sha256:04e51b01d5192499390c0015630975f57836cc95c7411415b499b599b05c0c96",
                "sha256:05c527c64ee02a47a24031c880ee0ded05af0623163494173204c5b72ddce658",
                "sha256:0a78e05ec09731c5b3bd7a9805927ea631fe6f6cb06f0e7c63191a9a778d52b4",
                "sha256:17da7035d9e6f9ea9cdc3a513161f8739b8f8489d31dc932bc5a29a27243f93d",
                "sha256:249cec5f2a5b22096440bd85c33106b6102e0672204abd2d5c014106459804ee",
                "sha256:2c25e5c16ee5c0feb6cf9d982b869eec94a22ddfda9aa2fbed00842cbb697624",
                "sha256:32e3d9f65606b3f6e76555bfd1d0b68d94aff0929d82010b791b6254bf5a4b96",
                "sha256:36aa1f8f680d7584e9b572c3203b20d22d697c31b71189322f16811d4ecfecd3",
                "sha256:5b0c970e2215572197b42f1cff58a908d734503ea54b326412c70d4692256391",
                "sha256:5cee0c74e93ed4f9d39007e439debcaadc519d7ea5c0afc3d590a3a7b2edf060",
                "sha256:669c8605dba6c798c1863157aefde959c1796671ffb342b80fcb80a4c0bc4c26",
                "sha256:66a1ad667b56e679e06ba73bb88c7309b3f48a4c279bd3afea29f65a766e9036",
                "sha256:683779e5728ac9138406c59a11e09cd98c7d2c12f0a5fc2b9c5eecdbb4a00075",
                "sha256:6bb391659a747cf4f181a227c3e64b6d197100d53da98dcd766cc158bdd9ec68",
                "sha256:81f0674fa50b38b6793cd84fae5d67f58f74c2d974d2cb4e476d26eee33343d0",
                "sha256:927e59c694e039c75d7023465d311277a1fc29ed7236b5746e9dddf180393113",
                "sha256:932d2d7d3cab44cfa275601c982f30c2d874722ef6396bb539e41e4dc4618ed4",
                "sha256:a52419d9ba5906db516109660b114faf791136c94c1a636ed6b29cbfff9187ee",
                "sha256:b156a971bc451c68c9e1f97567c94fd44155f073e3bceb1b0d195fd98ed12048",
                "sha256:bcf1a82b770b8f8c1e495b19a20d8296f875a796c4fe6e91da5ef107f18c5ecb",
                "sha256:cb2a9cf1150302d69bb99861c5cddc9c25aceacb0a4ef5299785d0f5389a3209",
                "sha256:d8c709f4700573deb2036d240d140934df7e852520f4a584b2a8d5443b71f54d",
                "sha256:db45b94885000981522fb92349e6b76f5aee0924cc5315881239c7859883117d",
                "sha256:ddf46b940ef815af4e542697eaf071f0531449407a7607dd731bf23d156e20a7",
                "sha256:e675f8fe9aa6c418dc8d3aac0087b5294c1a4527f1eacf9fe5ea671685285454",
                "sha256:eb7e8cf2cf11a2580088009b43de84cabbf6f5dae94ceb489f28dba01a17cb77",
                "sha256:f340331a3f411910adfb4bbe46c2ed5872d9e473a783d7f14ecf49bc0869c594"
            ],
            "markers": "python_version >= '3.8'",
            "version": "==1.5.1"
        },
        "pillow": {
            "hashes": [
                "sha256:0030fdbd926fb85844b8b92e2f9449ba89607231d3dd597a21ae72dc7fe26927",
                "sha256:030e3460861488e249731c3e7ab59b07c7853838ff3b8e16aac9561bb345da14",
                "sha256:0ed2c4ef2451de908c90436d6e8092e13a43992f1860275b4d8082667fbb2ffc",
                "sha256:136659638f61a251e8ed3b331fc6ccd124590eeff539de57c5f80ef3a9594e58",
                "sha256:13b725463f32df1bfeacbf3dd197fb358ae8ebcd8c5548faa75126ea425ccb60",
                "sha256:1536ad017a9f789430fb6b8be8bf99d2f214c76502becc196c6f2d9a75b01b76",
                "sha256:15928f824870535c85dbf949c09d6ae7d3d6ac2d6efec80f3227f73eefba741c",
                "sha256:17d4cafe22f050b46d983b71c707162d63d796a1235cdf8b9d7a112e97b15bac",
                "sha256:1802f34298f5ba11d55e5bb09c31997dc0c6aed919658dfdf0198a2fe75d5490",
                "sha256:1cc1d2451e8a3b4bfdb9caf745b58e6c7a77d2e469159b0d527a4554d73694d1",
                "sha256:1fd6f5e3c0e4697fa7eb45b6e93996299f3feee73a3175fa451f49a74d092b9f",
                "sha256:254164c57bab4b459f14c64e93df11eff5ded575192c294a0c49270f22c5d93d",
                "sha256:2ad0d4df0f5ef2247e27fc790d5c9b5a0af8ade9ba340db4a73bb1a4a3e5fb4f",
                "sha256:2c58b24e3a63efd22554c676d81b0e57f80e0a7d3a5874a7e14ce90ec40d3069",
                "sha256:2d33a11f601213dcd5718109c09a52c2a1c893e7461f0be2d6febc2879ec2402",
                "sha256:336b9036127eab855beec9662ac3ea13a4544a523ae273cbf108b228ecac8437",
                "sha256:337a74fd2f291c607d220c793a8135273c4c2ab001b03e601c36766005f36885",
                "sha256:37ff6b522a26d0538b753f0b4e8e164fdada12db6c6f00f62145d732d8a3152e",
                "sha256:3d1f14f5f691f55e1b47f824ca4fdcb4b19b4323fe43cc7bb105988cad7496be",
                "sha256:4134d3f1ba5f15027ff5c04296f13328fecd46921424084516bdb1b2548e66ff",
                "sha256:4ad2f835e0ad81d1689f1b7e3fbac7b01bb8777d5a985c8962bedee0cc6d43da",
                "sha256:50dff9cc21826d2977ef2d2a205504034e3a4563ca6f5db739b0d1026658e004",
                "sha256:510cef4a3f401c246cfd8227b300828715dd055463cdca6176c2e4036df8bd4f",
                "sha256:5aed7dde98403cd91d86a1115c78d8145c83078e864c1de1064f52e6feb61b20",
                "sha256:69bd1a15d7ba3694631e00df8de65a8cb031911ca11f44929c97fe05eb9b6c1d",
                "sha256:6bf088c1ce160f50ea40764f825ec9b72ed9da25346216b91361eef8ad1b8f8c",
                "sha256:6e8c66f70fb539301e064f6478d7453e820d8a2c631da948a23384865cd95544",
                "sha256:74a04183e6e64930b667d321524e3c5361094bb4af9083db5c301db64cd341f3",
                "sha256:75e636fd3e0fb872693f23ccb8a5ff2cd578801251f3a4f6854c6a5d437d3c04",
                "sha256:7761afe0126d046974a01e030ae7529ed0ca6a196de3ec6937c11df0df1bc91c",
                "sha256:7888310f6214f19ab2b6df90f3f06afa3df7ef7355fc025e78a3044737fab1f5",
                "sha256:7b0554af24df2bf96618dac71ddada02420f946be943b181108cac55a7a2dcd4",
                "sha256:7c7b502bc34f6e32ba022b4a209638f9e097d7a9098104ae420eb8186217ebbb",
                "sha256:808add66ea764ed97d44dda1ac4f2cfec4c1867d9efb16a33d158be79f32b8a4",
                "sha256:831e648102c82f152e14c1a0938689dbb22480c548c8d4b8b248b3e50967b88c",
                "sha256:93689632949aff41199090eff5474f3990b6823404e45d66a5d44304e9cdc467",
                "sha256:96b5e6874431df16aee0c1ba237574cb6dff1dcb173798faa6a9d8b399a05d0e",
                "sha256:9a54614049a18a2d6fe156e68e188da02a046a4a93cf24f373bffd977e943421",
                "sha256:a138441e95562b3c078746a22f8fca8ff1c22c014f856278bdbdd89ca36cff1b",
                "sha256:a647c0d4478b995c5e54615a2e5360ccedd2f85e70ab57fbe817ca613d5e63b8",
                "sha256:a9c9bc489f8ab30906d7a85afac4b4944a572a7432e00698a7239f44a44e6efb",
                "sha256:ad2277b185ebce47a63f4dc6302e30f05762b688f8dc3de55dbae4651872cdf3",
                "sha256:adabc0bce035467fb537ef3e5e74f2847c8af217ee0be0455d4fec8adc0462fc",
                "sha256:b6d5e92df2b77665e07ddb2e4dbd6d644b78e4c0d2e9272a852627cdba0d75cf",
                "sha256:bc431b065722a5ad1dfb4df354fb9333b7a582a5ee39a90e6ffff688d72f27a1",
                "sha256:bdd0de2d64688ecae88dd8935012c4a72681e5df632af903a1dca8c5e7aa871a",
                "sha256:c79698d4cd9318d9481d89a77e2d3fcaeff5486be641e60a4b49f3d2ecca4e28",
                "sha256:cb6259196a589123d755380b65127ddc60f4c64b21fc3bb46ce3a6ea663659b0",
                "sha256:d5b87da55a08acb586bad5c3aa3b86505f559b84f39035b233d5bf844b0834b1",
                "sha256:dcd7b9c7139dc8258d164b55696ecd16c04607f1cc33ba7af86613881ffe4ac8",
                "sha256:dfe4c1fedfde4e2fbc009d5ad420647f7730d719786388b7de0999bf32c0d9fd",
                "sha256:ea98f633d45f7e815db648fd7ff0f19e328302ac36427343e4432c84432e7ff4",
                "sha256:ec52c351b35ca269cb1f8069d610fc45c5bd38c3e91f9ab4cbbf0aebc136d9c8",
                "sha256:eef7592281f7c174d3d6cbfbb7ee5984a671fcd77e3fc78e973d492e9bf0eb3f",
                "sha256:f07f1f00e22b231dd3d9b9208692042e29792d6bd4f6639415d2f23158a80013",
                "sha256:f3fac744f9b540148fa7715a435d2283b71f68bfb6d4aae24482a890aed18b59",
                "sha256:fa768eff5f9f958270b081bb33581b4b569faabf8774726b283edb06617101dc",
                "sha256:fac2d65901fb0fdf20363fbd345c01958a742f2dc62a8dd4495af66e3ff502a4"
            ],
            "markers": "python_version >= '3.7'",
            "version": "==9.2.0"
        },
        "pluggy": {
            "hashes": [
                "sha256:4224373bacce55f955a878bf9cfa763c1e360858e330072059e10bad68531159",
                "sha256:74134bbf457f031a36d68416e1509f34bd5ccc019f0bcc952c7b909d06b37bd3"
            ],
            "markers": "python_version >= '3.6'",
            "version": "==1.0.0"
        },
        "pydantic": {
            "hashes": [
                "sha256:05e00dbebbe810b33c7a7362f231893183bcc4251f3f2ff991c31d5c08240c42",
                "sha256:06094d18dd5e6f2bbf93efa54991c3240964bb663b87729ac340eb5014310624",
                "sha256:0b959f4d8211fc964772b595ebb25f7652da3f22322c007b6fed26846a40685e",
                "sha256:19b3b9ccf97af2b7519c42032441a891a5e05c68368f40865a90eb88833c2559",
                "sha256:1b6ee725bd6e83ec78b1aa32c5b1fa67a3a65badddde3976bca5fe4568f27709",
                "sha256:1ee433e274268a4b0c8fde7ad9d58ecba12b069a033ecc4645bb6303c062d2e9",
                "sha256:216f3bcbf19c726b1cc22b099dd409aa371f55c08800bcea4c44c8f74b73478d",
                "sha256:2d0567e60eb01bccda3a4df01df677adf6b437958d35c12a3ac3e0f078b0ee52",
                "sha256:2e05aed07fa02231dbf03d0adb1be1d79cabb09025dd45aa094aa8b4e7b9dcda",
                "sha256:352aedb1d71b8b0736c6d56ad2bd34c6982720644b0624462059ab29bd6e5912",
                "sha256:355639d9afc76bcb9b0c3000ddcd08472ae75318a6eb67a15866b87e2efa168c",
                "sha256:37c90345ec7dd2f1bcef82ce49b6235b40f282b94d3eec47e801baf864d15525",
                "sha256:4b8795290deaae348c4eba0cebb196e1c6b98bdbe7f50b2d0d9a4a99716342fe",
                "sha256:5760e164b807a48a8f25f8aa1a6d857e6ce62e7ec83ea5d5c5a802eac81bad41",
                "sha256:6eb843dcc411b6a2237a694f5e1d649fc66c6064d02b204a7e9d194dff81eb4b",
                "sha256:7b5ba54d026c2bd2cb769d3468885f23f43710f651688e91f5fb1edcf0ee9283",
                "sha256:7c2abc4393dea97a4ccbb4ec7d8658d4e22c4765b7b9b9445588f16c71ad9965",
                "sha256:81a7b66c3f499108b448f3f004801fcd7d7165fb4200acb03f1c2402da73ce4c",
                "sha256:91b8e218852ef6007c2b98cd861601c6a09f1aa32bbbb74fab5b1c33d4a1e410",
                "sha256:9300fcbebf85f6339a02c6994b2eb3ff1b9c8c14f502058b5bf349d42447dcf5",
                "sha256:9cabf4a7f05a776e7793e72793cd92cc865ea0e83a819f9ae4ecccb1b8aa6116",
                "sha256:a1f5a63a6dfe19d719b1b6e6106561869d2efaca6167f84f5ab9347887d78b98",
                "sha256:a4c805731c33a8db4b6ace45ce440c4ef5336e712508b4d9e1aafa617dc9907f",
                "sha256:ae544c47bec47a86bc7d350f965d8b15540e27e5aa4f55170ac6a75e5f73b644",
                "sha256:b97890e56a694486f772d36efd2ba31612739bc6f3caeee50e9e7e3ebd2fdd13",
                "sha256:bb6ad4489af1bac6955d38ebcb95079a836af31e4c4f74aba1ca05bb9f6027bd",
                "sha256:bedf309630209e78582ffacda64a21f96f3ed2e51fbf3962d4d488e503420254",
                "sha256:c1ba1afb396148bbc70e9eaa8c06c1716fdddabaf86e7027c5988bae2a829ab6",
                "sha256:c33602f93bfb67779f9c507e4d69451664524389546bacfe1bee13cae6dc7488",
                "sha256:c4aac8e7103bf598373208f6299fa9a5cfd1fc571f2d40bf1dd1955a63d6eeb5",
                "sha256:c6f981882aea41e021f72779ce2a4e87267458cc4d39ea990729e21ef18f0f8c",
                "sha256:cc78cc83110d2f275ec1970e7a831f4e371ee92405332ebfe9860a715f8336e1",
                "sha256:d49f3db871575e0426b12e2f32fdb25e579dea16486a26e5a0474af87cb1ab0a",
                "sha256:dd3f9a40c16daf323cf913593083698caee97df2804aa36c4b3175d5ac1b92a2",
                "sha256:e0bedafe4bc165ad0a56ac0bd7695df25c50f76961da29c050712596cf092d6d",
                "sha256:e9069e1b01525a96e6ff49e25876d90d5a563bc31c658289a8772ae186552236"
            ],
            "markers": "python_version >= '3.7'",
            "version": "==1.10.2"
        },
        "pyparsing": {
            "hashes": [
                "sha256:2b020ecf7d21b687f219b71ecad3631f644a47f01403fa1d1036b0c6416d70fb",
                "sha256:5026bae9a10eeaefb61dab2f09052b9f4307d44aee4eda64b309723d8d206bbc"
            ],
            "markers": "python_full_version >= '3.6.8'",
            "version": "==3.0.9"
        },
        "pytest": {
            "hashes": [
                "sha256:892f933d339f068883b6fd5a459f03d85bfcb355e4981e146d2c7616c21fef71",
                "sha256:c4014eb40e10f11f355ad4e3c2fb2c6c6d1919c73f3b5a433de4708202cade59"
            ],
            "markers": "python_version >= '3.7'",
            "version": "==7.2.0"
        },
        "python-dateutil": {
            "hashes": [
                "sha256:0123cacc1627ae19ddf3c27a5de5bd67ee4586fbdd6440d9748f8abb483d3e86",
                "sha256:961d03dc3453ebbc59dbdea9e4e11c5651520a876d0f4db161e8674aae935da9"
            ],
            "markers": "python_version >= '2.7' and python_version not in '3.0, 3.1, 3.2, 3.3'",
            "version": "==2.8.2"
        },
        "python-multipart": {
            "hashes": [
                "sha256:f7bb5f611fc600d15fa47b3974c8aa16e93724513b49b5f95c81e6624c83fa43"
            ],
            "index": "pypi",
            "version": "==0.0.5"
        },
        "pytz": {
            "hashes": [
                "sha256:335ab46900b1465e714b4fda4963d87363264eb662aab5e65da039c25f1f5b22",
                "sha256:c4d88f472f54d615e9cd582a5004d1e5f624854a6a27a6211591c251f22a6914"
            ],
            "version": "==2022.5"
        },
        "six": {
            "hashes": [
                "sha256:1e61c37477a1626458e36f7b1d82aa5c9b094fa4802892072e49de9c60c4c926",
                "sha256:8abb2f1d86890a2dfb989f9a77cfcfd3e47c2a354b01111771326f8aa26e0254"
            ],
            "markers": "python_version >= '2.7' and python_version not in '3.0, 3.1, 3.2, 3.3'",
            "version": "==1.16.0"
        },
        "sniffio": {
            "hashes": [
                "sha256:e60305c5e5d314f5389259b7f22aaa33d8f7dee49763119234af3755c55b9101",
                "sha256:eecefdce1e5bbfb7ad2eeaabf7c1eeb404d7757c379bd1f7e5cce9d8bf425384"
            ],
            "markers": "python_version >= '3.7'",
            "version": "==1.3.0"
        },
        "starlette": {
            "hashes": [
                "sha256:5a60c5c2d051f3a8eb546136aa0c9399773a689595e099e0877704d5888279bf",
                "sha256:c6d21096774ecb9639acad41b86b7706e52ba3bf1dc13ea4ed9ad593d47e24c7"
            ],
            "markers": "python_version >= '3.6'",
            "version": "==0.19.1"
        },
        "typing-extensions": {
            "hashes": [
                "sha256:1511434bb92bf8dd198c12b1cc812e800d4181cfcb867674e0f8279cc93087aa",
                "sha256:16fa4864408f655d35ec496218b85f79b3437c829e93320c7c9215ccfd92489e"
            ],
            "markers": "python_version >= '3.7'",
            "version": "==4.4.0"
        },
        "uvicorn": {
            "hashes": [
                "sha256:cc277f7e73435748e69e075a721841f7c4a95dba06d12a72fe9874acced16f6f",
                "sha256:cf538f3018536edb1f4a826311137ab4944ed741d52aeb98846f52215de57f25"
            ],
            "index": "pypi",
            "version": "==0.19.0"
        }
    },
    "develop": {}
}
